
Microsoft Visual Studio Solution File, Format Version 12.00
# Visual Studio Version 16
VisualStudioVersion = 16.0.32901.82
MinimumVisualStudioVersion = 10.0.40219.1
Project("{FAE04EC0-301F-11D3-BF4B-00C04F79EFBC}") = "ConsoleApp3", "ConsoleApp3\ConsoleApp3.csproj", "{3F9685D4-B67E-4B3C-B76B-723BBD8965C6}"
EndProject
Global
	GlobalSection(SolutionConfigurationPlatforms) = preSolution
		Debug|Any CPU = Debug|Any CPU
		Release|Any CPU = Release|Any CPU
	EndGlobalSection
	GlobalSection(ProjectConfigurationPlatforms) = postSolution
		{3F9685D4-B67E-4B3C-B76B-723BBD8965C6}.Debug|Any CPU.ActiveCfg = Debug|Any CPU
		{3F9685D4-B67E-4B3C-B76B-723BBD8965C6}.Debug|Any CPU.Build.0 = Debug|Any CPU
		{3F9685D4-B67E-4B3C-B76B-723BBD8965C6}.Release|Any CPU.ActiveCfg = Release|Any CPU
		{3F9685D4-B67E-4B3C-B76B-723BBD8965C6}.Release|Any CPU.Build.0 = Release|Any CPU
	EndGlobalSection
	GlobalSection(SolutionProperties) = preSolution
		HideSolutionNode = FALSE
	EndGlobalSection
	GlobalSection(ExtensibilityGlobals) = postSolution
		SolutionGuid = {C314D8BD-7F67-4AB1-858B-3DEE5945B47E}
	EndGlobalSection
EndGlobal
